
Microsoft Visual Studio Solution File, Format Version 12.00
# Visual Studio Version 17
VisualStudioVersion = 17.3.32922.545
MinimumVisualStudioVersion = 10.0.40219.1
Project("{9A19103F-16F7-4668-BE54-9A1E7A4F7556}") = "PresentationLayer", "SalesControlAppWin\PresentationLayer.csproj", "{DCE02A04-44D9-43C5-80FC-D3ECA95F5186}"
EndProject
Project("{9A19103F-16F7-4668-BE54-9A1E7A4F7556}") = "BusinessLogicLayer", "BusinessLogicLayer\BusinessLogicLayer.csproj", "{D6B34C17-3806-4592-8C83-5C5F684B2AEA}"
EndProject
Project("{9A19103F-16F7-4668-BE54-9A1E7A4F7556}") = "DataAccessLayer", "DataAccessLayer\DataAccessLayer.csproj", "{1BFF90EA-1EAE-455D-B08C-8DB3F38B7CA1}"
EndProject
Global
	GlobalSection(SolutionConfigurationPlatforms) = preSolution
		Debug|Any CPU = Debug|Any CPU
		Release|Any CPU = Release|Any CPU
	EndGlobalSection
	GlobalSection(ProjectConfigurationPlatforms) = postSolution
		{DCE02A04-44D9-43C5-80FC-D3ECA95F5186}.Debug|Any CPU.ActiveCfg = Debug|Any CPU
		{DCE02A04-44D9-43C5-80FC-D3ECA95F5186}.Debug|Any CPU.Build.0 = Debug|Any CPU
		{DCE02A04-44D9-43C5-80FC-D3ECA95F5186}.Release|Any CPU.ActiveCfg = Release|Any CPU
		{DCE02A04-44D9-43C5-80FC-D3ECA95F5186}.Release|Any CPU.Build.0 = Release|Any CPU
		{D6B34C17-3806-4592-8C83-5C5F684B2AEA}.Debug|Any CPU.ActiveCfg = Debug|Any CPU
		{D6B34C17-3806-4592-8C83-5C5F684B2AEA}.Debug|Any CPU.Build.0 = Debug|Any CPU
		{D6B34C17-3806-4592-8C83-5C5F684B2AEA}.Release|Any CPU.ActiveCfg = Release|Any CPU
		{D6B34C17-3806-4592-8C83-5C5F684B2AEA}.Release|Any CPU.Build.0 = Release|Any CPU
		{1BFF90EA-1EAE-455D-B08C-8DB3F38B7CA1}.Debug|Any CPU.ActiveCfg = Debug|Any CPU
		{1BFF90EA-1EAE-455D-B08C-8DB3F38B7CA1}.Debug|Any CPU.Build.0 = Debug|Any CPU
		{1BFF90EA-1EAE-455D-B08C-8DB3F38B7CA1}.Release|Any CPU.ActiveCfg = Release|Any CPU
		{1BFF90EA-1EAE-455D-B08C-8DB3F38B7CA1}.Release|Any CPU.Build.0 = Release|Any CPU
	EndGlobalSection
	GlobalSection(SolutionProperties) = preSolution
		HideSolutionNode = FALSE
	EndGlobalSection
	GlobalSection(ExtensibilityGlobals) = postSolution
		SolutionGuid = {A9F0586F-49CF-4DB2-AEAE-DE2F8CBE959E}
	EndGlobalSection
EndGlobal
