
Microsoft Visual Studio Solution File, Format Version 12.00
# Visual Studio Version 17
VisualStudioVersion = 17.3.32922.545
MinimumVisualStudioVersion = 10.0.40219.1
Project("{FAE04EC0-301F-11D3-BF4B-00C04F79EFBC}") = "PresentationLayer", "SalesControlAppWin\PresentationLayer.csproj", "{DCE02A04-44D9-43C5-80FC-D3ECA95F5186}"
EndProject
Project("{FAE04EC0-301F-11D3-BF4B-00C04F79EFBC}") = "ViewModels", "ViewModels\ViewModels.csproj", "{973D62FE-C9DA-42F7-891A-7D1BCDBFDADD}"
EndProject
Project("{FAE04EC0-301F-11D3-BF4B-00C04F79EFBC}") = "BusinessLogicLayer", "BusinessLogicLayer\BusinessLogicLayer.csproj", "{D6B34C17-3806-4592-8C83-5C5F684B2AEA}"
EndProject
Project("{FAE04EC0-301F-11D3-BF4B-00C04F79EFBC}") = "DataAccessLayer", "DataAccessLayer\DataAccessLayer.csproj", "{1BFF90EA-1EAE-455D-B08C-8DB3F38B7CA1}"
EndProject
Global
	GlobalSection(SolutionConfigurationPlatforms) = preSolution
		Debug|Any CPU = Debug|Any CPU
		Release|Any CPU = Release|Any CPU
	EndGlobalSection
	GlobalSection(ProjectConfigurationPlatforms) = postSolution
		{DCE02A04-44D9-43C5-80FC-D3ECA95F5186}.Debug|Any CPU.ActiveCfg = Debug|Any CPU
		{DCE02A04-44D9-43C5-80FC-D3ECA95F5186}.Debug|Any CPU.Build.0 = Debug|Any CPU
		{DCE02A04-44D9-43C5-80FC-D3ECA95F5186}.Release|Any CPU.ActiveCfg = Release|Any CPU
		{DCE02A04-44D9-43C5-80FC-D3ECA95F5186}.Release|Any CPU.Build.0 = Release|Any CPU
		{973D62FE-C9DA-42F7-891A-7D1BCDBFDADD}.Debug|Any CPU.ActiveCfg = Debug|Any CPU
		{973D62FE-C9DA-42F7-891A-7D1BCDBFDADD}.Debug|Any CPU.Build.0 = Debug|Any CPU
		{973D62FE-C9DA-42F7-891A-7D1BCDBFDADD}.Release|Any CPU.ActiveCfg = Release|Any CPU
		{973D62FE-C9DA-42F7-891A-7D1BCDBFDADD}.Release|Any CPU.Build.0 = Release|Any CPU
		{D6B34C17-3806-4592-8C83-5C5F684B2AEA}.Debug|Any CPU.ActiveCfg = Debug|Any CPU
		{D6B34C17-3806-4592-8C83-5C5F684B2AEA}.Debug|Any CPU.Build.0 = Debug|Any CPU
		{D6B34C17-3806-4592-8C83-5C5F684B2AEA}.Release|Any CPU.ActiveCfg = Release|Any CPU
		{D6B34C17-3806-4592-8C83-5C5F684B2AEA}.Release|Any CPU.Build.0 = Release|Any CPU
		{1BFF90EA-1EAE-455D-B08C-8DB3F38B7CA1}.Debug|Any CPU.ActiveCfg = Debug|Any CPU
		{1BFF90EA-1EAE-455D-B08C-8DB3F38B7CA1}.Debug|Any CPU.Build.0 = Debug|Any CPU
		{1BFF90EA-1EAE-455D-B08C-8DB3F38B7CA1}.Release|Any CPU.ActiveCfg = Release|Any CPU
		{1BFF90EA-1EAE-455D-B08C-8DB3F38B7CA1}.Release|Any CPU.Build.0 = Release|Any CPU
	EndGlobalSection
	GlobalSection(SolutionProperties) = preSolution
		HideSolutionNode = FALSE
	EndGlobalSection
	GlobalSection(ExtensibilityGlobals) = postSolution
		SolutionGuid = {A9F0586F-49CF-4DB2-AEAE-DE2F8CBE959E}
	EndGlobalSection
EndGlobal
